
Microsoft Visual Studio Solution File, Format Version 12.00
# Visual Studio Version 17
VisualStudioVersion = 17.3.32819.101
MinimumVisualStudioVersion = 10.0.40219.1
Project("{FAE04EC0-301F-11D3-BF4B-00C04F79EFBC}") = "Inheritance-in-CSharp", "Inheritance-in-CSharp.csproj", "{3A202CDD-C1C8-4D3E-9101-9FB96CE0DCA3}"
EndProject
Global
	GlobalSection(SolutionConfigurationPlatforms) = preSolution
		Debug|Any CPU = Debug|Any CPU
		Release|Any CPU = Release|Any CPU
	EndGlobalSection
	GlobalSection(ProjectConfigurationPlatforms) = postSolution
		{3A202CDD-C1C8-4D3E-9101-9FB96CE0DCA3}.Debug|Any CPU.ActiveCfg = Debug|Any CPU
		{3A202CDD-C1C8-4D3E-9101-9FB96CE0DCA3}.Debug|Any CPU.Build.0 = Debug|Any CPU
		{3A202CDD-C1C8-4D3E-9101-9FB96CE0DCA3}.Release|Any CPU.ActiveCfg = Release|Any CPU
		{3A202CDD-C1C8-4D3E-9101-9FB96CE0DCA3}.Release|Any CPU.Build.0 = Release|Any CPU
	EndGlobalSection
	GlobalSection(SolutionProperties) = preSolution
		HideSolutionNode = FALSE
	EndGlobalSection
	GlobalSection(ExtensibilityGlobals) = postSolution
		SolutionGuid = {1AEE25F5-DC99-4BE8-BD37-26962EDE5143}
	EndGlobalSection
EndGlobal
